
Microsoft Visual Studio Solution File, Format Version 12.00
# Visual Studio Version 17
VisualStudioVersion = 17.13.35931.197 d17.13
MinimumVisualStudioVersion = 10.0.40219.1
Project("{FAE04EC0-301F-11D3-BF4B-00C04F79EFBC}") = "WebApp", "WebApp\WebApp.csproj", "{7383A3CC-1109-4CFC-9A7C-B03FBCFE2A2F}"
EndProject
Global
	GlobalSection(SolutionConfigurationPlatforms) = preSolution
		Debug|Any CPU = Debug|Any CPU
		Release|Any CPU = Release|Any CPU
	EndGlobalSection
	GlobalSection(ProjectConfigurationPlatforms) = postSolution
		{7383A3CC-1109-4CFC-9A7C-B03FBCFE2A2F}.Debug|Any CPU.ActiveCfg = Debug|Any CPU
		{7383A3CC-1109-4CFC-9A7C-B03FBCFE2A2F}.Debug|Any CPU.Build.0 = Debug|Any CPU
		{7383A3CC-1109-4CFC-9A7C-B03FBCFE2A2F}.Release|Any CPU.ActiveCfg = Release|Any CPU
		{7383A3CC-1109-4CFC-9A7C-B03FBCFE2A2F}.Release|Any CPU.Build.0 = Release|Any CPU
	EndGlobalSection
	GlobalSection(SolutionProperties) = preSolution
		HideSolutionNode = FALSE
	EndGlobalSection
	GlobalSection(ExtensibilityGlobals) = postSolution
		SolutionGuid = {67A19E12-E995-4EA0-A5EC-31AC9D95FD66}
	EndGlobalSection
EndGlobal
